
Microsoft Visual Studio Solution File, Format Version 12.00
# Visual Studio Version 17
VisualStudioVersion = 17.5.33530.505
MinimumVisualStudioVersion = 10.0.40219.1
Project("{FAE04EC0-301F-11D3-BF4B-00C04F79EFBC}") = "InAndOut", "InAndOut\InAndOut.csproj", "{FD1086AB-F9FF-4AE8-8319-81987119D589}"
EndProject
Global
	GlobalSection(SolutionConfigurationPlatforms) = preSolution
		Debug|Any CPU = Debug|Any CPU
		Release|Any CPU = Release|Any CPU
	EndGlobalSection
	GlobalSection(ProjectConfigurationPlatforms) = postSolution
		{FD1086AB-F9FF-4AE8-8319-81987119D589}.Debug|Any CPU.ActiveCfg = Debug|Any CPU
		{FD1086AB-F9FF-4AE8-8319-81987119D589}.Debug|Any CPU.Build.0 = Debug|Any CPU
		{FD1086AB-F9FF-4AE8-8319-81987119D589}.Release|Any CPU.ActiveCfg = Release|Any CPU
		{FD1086AB-F9FF-4AE8-8319-81987119D589}.Release|Any CPU.Build.0 = Release|Any CPU
	EndGlobalSection
	GlobalSection(SolutionProperties) = preSolution
		HideSolutionNode = FALSE
	EndGlobalSection
	GlobalSection(ExtensibilityGlobals) = postSolution
		SolutionGuid = {C34253B6-93AD-4BBF-ADC5-1B26CB63AC0F}
	EndGlobalSection
EndGlobal
